{
  "version": 4,
  "terraform_version": "1.9.6",
  "serial": 10,
  "lineage": "714d62a6-1ec2-a82c-ceaf-d0374895de94",
  "outputs": {},
  "resources": [
    {
      "mode": "managed",
      "type": "github_repository",
      "name": "terraform-first-repo",
      "provider": "provider[\"registry.terraform.io/hashicorp/github\"]",
      "instances": [
        {
          "schema_version": 1,
          "attributes": {
            "allow_auto_merge": false,
            "allow_merge_commit": true,
            "allow_rebase_merge": true,
            "allow_squash_merge": true,
            "allow_update_branch": false,
            "archive_on_destroy": null,
            "archived": false,
            "auto_init": true,
            "default_branch": "main",
            "delete_branch_on_merge": false,
            "description": "My first automated repo",
            "etag": "W/\"e17f99cbeff9b55d1a94b71c7c6418e06c255fe801f9e51904376e0e422c78ea\"",
            "full_name": "sourabhseth98/first-repo-form-terraform",
            "git_clone_url": "git://github.com/sourabhseth98/first-repo-form-terraform.git",
            "gitignore_template": null,
            "has_discussions": false,
            "has_downloads": false,
            "has_issues": false,
            "has_projects": false,
            "has_wiki": false,
            "homepage_url": "",
            "html_url": "https://github.com/sourabhseth98/first-repo-form-terraform",
            "http_clone_url": "https://github.com/sourabhseth98/first-repo-form-terraform.git",
            "id": "first-repo-form-terraform",
            "ignore_vulnerability_alerts_during_read": null,
            "is_template": false,
            "license_template": null,
            "merge_commit_message": "PR_TITLE",
            "merge_commit_title": "MERGE_MESSAGE",
            "name": "first-repo-form-terraform",
            "node_id": "R_kgDOM06IOQ",
            "pages": [],
            "primary_language": "",
            "private": false,
            "repo_id": 860784697,
            "security_and_analysis": [
              {
                "advanced_security": [],
                "secret_scanning": [
                  {
                    "status": "enabled"
                  }
                ],
                "secret_scanning_push_protection": [
                  {
                    "status": "enabled"
                  }
                ]
              }
            ],
            "squash_merge_commit_message": "COMMIT_MESSAGES",
            "squash_merge_commit_title": "COMMIT_OR_PR_TITLE",
            "ssh_clone_url": "git@github.com:sourabhseth98/first-repo-form-terraform.git",
            "svn_url": "https://github.com/sourabhseth98/first-repo-form-terraform",
            "template": [],
            "topics": [],
            "visibility": "public",
            "vulnerability_alerts": false,
            "web_commit_signoff_required": false
          },
          "sensitive_attributes": [],
          "private": "eyJzY2hlbWFfdmVyc2lvbiI6IjEifQ=="
        }
      ]
    },
    {
      "mode": "managed",
      "type": "github_repository",
      "name": "terraform-second-repo",
      "provider": "provider[\"registry.terraform.io/hashicorp/github\"]",
      "instances": [
        {
          "schema_version": 1,
          "attributes": {
            "allow_auto_merge": false,
            "allow_merge_commit": true,
            "allow_rebase_merge": true,
            "allow_squash_merge": true,
            "allow_update_branch": false,
            "archive_on_destroy": null,
            "archived": false,
            "auto_init": true,
            "default_branch": "main",
            "delete_branch_on_merge": false,
            "description": "My second automated repo.Manually chnaged",
            "etag": "W/\"ae0364caabc0cbc70dd25c42824095d95ca133a5bb9cf5de3a77720a8a409bab\"",
            "full_name": "sourabhseth98/second-repo-form-terraform",
            "git_clone_url": "git://github.com/sourabhseth98/second-repo-form-terraform.git",
            "gitignore_template": null,
            "has_discussions": false,
            "has_downloads": false,
            "has_issues": false,
            "has_projects": false,
            "has_wiki": false,
            "homepage_url": "",
            "html_url": "https://github.com/sourabhseth98/second-repo-form-terraform",
            "http_clone_url": "https://github.com/sourabhseth98/second-repo-form-terraform.git",
            "id": "second-repo-form-terraform",
            "ignore_vulnerability_alerts_during_read": null,
            "is_template": false,
            "license_template": null,
            "merge_commit_message": "PR_TITLE",
            "merge_commit_title": "MERGE_MESSAGE",
            "name": "second-repo-form-terraform",
            "node_id": "R_kgDOM06hoQ",
            "pages": [],
            "primary_language": "",
            "private": false,
            "repo_id": 860791201,
            "security_and_analysis": [
              {
                "advanced_security": [],
                "secret_scanning": [
                  {
                    "status": "enabled"
                  }
                ],
                "secret_scanning_push_protection": [
                  {
                    "status": "enabled"
                  }
                ]
              }
            ],
            "squash_merge_commit_message": "COMMIT_MESSAGES",
            "squash_merge_commit_title": "COMMIT_OR_PR_TITLE",
            "ssh_clone_url": "git@github.com:sourabhseth98/second-repo-form-terraform.git",
            "svn_url": "https://github.com/sourabhseth98/second-repo-form-terraform",
            "template": [],
            "topics": [],
            "visibility": "public",
            "vulnerability_alerts": false,
            "web_commit_signoff_required": false
          },
          "sensitive_attributes": [],
          "private": "eyJzY2hlbWFfdmVyc2lvbiI6IjEifQ=="
        }
      ]
    }
  ],
  "check_results": null
}
